
Microsoft Visual Studio Solution File, Format Version 12.00
# Visual Studio Version 16
VisualStudioVersion = 16.0.30002.166
MinimumVisualStudioVersion = 10.0.40219.1
Project("{9A19103F-16F7-4668-BE54-9A1E7A4F7556}") = "CryptoUtils", ".\CryptoUtils\CryptoUtils.csproj", "{D44951CE-36F6-48A5-B020-6579A562791F}"
EndProject
Project("{FAE04EC0-301F-11D3-BF4B-00C04F79EFBC}") = "CryptoTest", ".\CryptoTest\CryptoTest.csproj", "{4521058D-7B0C-4C83-835D-171C6BD2739E}"
EndProject
Global
	GlobalSection(SolutionConfigurationPlatforms) = preSolution
		Debug|Any CPU = Debug|Any CPU
		Release|Any CPU = Release|Any CPU
	EndGlobalSection
	GlobalSection(ProjectConfigurationPlatforms) = postSolution
		{D44951CE-36F6-48A5-B020-6579A562791F}.Debug|Any CPU.ActiveCfg = Debug|Any CPU
		{D44951CE-36F6-48A5-B020-6579A562791F}.Debug|Any CPU.Build.0 = Debug|Any CPU
		{D44951CE-36F6-48A5-B020-6579A562791F}.Release|Any CPU.ActiveCfg = Release|Any CPU
		{D44951CE-36F6-48A5-B020-6579A562791F}.Release|Any CPU.Build.0 = Release|Any CPU
		{4521058D-7B0C-4C83-835D-171C6BD2739E}.Debug|Any CPU.ActiveCfg = Debug|Any CPU
		{4521058D-7B0C-4C83-835D-171C6BD2739E}.Debug|Any CPU.Build.0 = Debug|Any CPU
		{4521058D-7B0C-4C83-835D-171C6BD2739E}.Release|Any CPU.ActiveCfg = Release|Any CPU
		{4521058D-7B0C-4C83-835D-171C6BD2739E}.Release|Any CPU.Build.0 = Release|Any CPU
	EndGlobalSection
	GlobalSection(SolutionProperties) = preSolution
		HideSolutionNode = FALSE
	EndGlobalSection
	GlobalSection(ExtensibilityGlobals) = postSolution
		SolutionGuid = {9F2F3FBB-3AAC-4E71-8E21-C0DA062759B4}
	EndGlobalSection
EndGlobal
